// !$*UTF8*$!
{
	archiveVersion = 1;
	classes = {
	};
	objectVersion = 50;
	objects = {

/* Begin PBXBuildFile section */
		2D58187624DE6BB00075B3D8 /* RetryController.swift in Sources */ = {isa = PBXBuildFile; fileRef = 2D58187524DE6BB00075B3D8 /* RetryController.swift */; };
		2D60689624DD415800768799 /* CombinedService_Image_FetchAndSave.swift in Sources */ = {isa = PBXBuildFile; fileRef = 2D60689524DD415800768799 /* CombinedService_Image_FetchAndSave.swift */; };
		2D60689824DD426500768799 /* CoreDataService_Image_Fetch.swift in Sources */ = {isa = PBXBuildFile; fileRef = 2D60689724DD426500768799 /* CoreDataService_Image_Fetch.swift */; };
		2D60689A24DD561C00768799 /* HTTPService_Image_Fetch.swift in Sources */ = {isa = PBXBuildFile; fileRef = 2D60689924DD561C00768799 /* HTTPService_Image_Fetch.swift */; };
		2D60689C24DD58C700768799 /* CoreDataService_Image_Save.swift in Sources */ = {isa = PBXBuildFile; fileRef = 2D60689B24DD58C700768799 /* CoreDataService_Image_Save.swift */; };
		2D60689E24DD6E7500768799 /* Queues.swift in Sources */ = {isa = PBXBuildFile; fileRef = 2D60689D24DD6E7500768799 /* Queues.swift */; };
		2D7EDE4424DA660700E7BFDD /* AppDelegate.swift in Sources */ = {isa = PBXBuildFile; fileRef = 2D7EDE4324DA660700E7BFDD /* AppDelegate.swift */; };
		2D7EDE4624DA660700E7BFDD /* SceneDelegate.swift in Sources */ = {isa = PBXBuildFile; fileRef = 2D7EDE4524DA660700E7BFDD /* SceneDelegate.swift */; };
		2D7EDE4B24DA660700E7BFDD /* Main.storyboard in Resources */ = {isa = PBXBuildFile; fileRef = 2D7EDE4924DA660700E7BFDD /* Main.storyboard */; };
		2D7EDE4D24DA660900E7BFDD /* Assets.xcassets in Resources */ = {isa = PBXBuildFile; fileRef = 2D7EDE4C24DA660900E7BFDD /* Assets.xcassets */; };
		2D7EDE5024DA660900E7BFDD /* LaunchScreen.storyboard in Resources */ = {isa = PBXBuildFile; fileRef = 2D7EDE4E24DA660900E7BFDD /* LaunchScreen.storyboard */; };
		2D7EDE6E24DA677F00E7BFDD /* HTTPServiceError.swift in Sources */ = {isa = PBXBuildFile; fileRef = 2D7EDE6D24DA677F00E7BFDD /* HTTPServiceError.swift */; };
		2D7EDE7224DA69B800E7BFDD /* GithubAPI.swift in Sources */ = {isa = PBXBuildFile; fileRef = 2D7EDE7124DA69B800E7BFDD /* GithubAPI.swift */; };
		2D7EDE7424DA6B2000E7BFDD /* RawUserListItem.swift in Sources */ = {isa = PBXBuildFile; fileRef = 2D7EDE7324DA6B2000E7BFDD /* RawUserListItem.swift */; };
		2D7EDE7624DA6B8100E7BFDD /* HTTPMethod.swift in Sources */ = {isa = PBXBuildFile; fileRef = 2D7EDE7524DA6B8100E7BFDD /* HTTPMethod.swift */; };
		2D7EDE7824DA731D00E7BFDD /* HTTPService+UserProfile.swift in Sources */ = {isa = PBXBuildFile; fileRef = 2D7EDE7724DA731D00E7BFDD /* HTTPService+UserProfile.swift */; };
		2D7EDE7A24DA735200E7BFDD /* RawUserProfile.swift in Sources */ = {isa = PBXBuildFile; fileRef = 2D7EDE7924DA735200E7BFDD /* RawUserProfile.swift */; };
		2D7EDE8124DA84A900E7BFDD /* CoreDataService.swift in Sources */ = {isa = PBXBuildFile; fileRef = 2D7EDE8024DA84A900E7BFDD /* CoreDataService.swift */; };
		2D7EDE8424DA852600E7BFDD /* Model.xcdatamodeld in Sources */ = {isa = PBXBuildFile; fileRef = 2D7EDE8224DA852600E7BFDD /* Model.xcdatamodeld */; };
		2D7EDE8824DA86DA00E7BFDD /* CoreDataStack.swift in Sources */ = {isa = PBXBuildFile; fileRef = 2D7EDE8724DA86DA00E7BFDD /* CoreDataStack.swift */; };
		2D7EDE8A24DA8D3500E7BFDD /* CoreDataServiceError.swift in Sources */ = {isa = PBXBuildFile; fileRef = 2D7EDE8924DA8D3500E7BFDD /* CoreDataServiceError.swift */; };
		2D7EDE8E24DA8E7E00E7BFDD /* UserListItem.swift in Sources */ = {isa = PBXBuildFile; fileRef = 2D7EDE8D24DA8E7E00E7BFDD /* UserListItem.swift */; };
		2D7EDE9224DA97B000E7BFDD /* CoreDataService+UserProfile.swift in Sources */ = {isa = PBXBuildFile; fileRef = 2D7EDE9124DA97B000E7BFDD /* CoreDataService+UserProfile.swift */; };
		2D7EDE9424DA9C8000E7BFDD /* HTTPService.swift in Sources */ = {isa = PBXBuildFile; fileRef = 2D7EDE9324DA9C8000E7BFDD /* HTTPService.swift */; };
		2D7EDEA924DAD4FE00E7BFDD /* UserListFooterView.xib in Resources */ = {isa = PBXBuildFile; fileRef = 2D7EDE9B24DAD4FE00E7BFDD /* UserListFooterView.xib */; };
		2D7EDEAC24DAD4FE00E7BFDD /* UserListView.swift in Sources */ = {isa = PBXBuildFile; fileRef = 2D7EDE9E24DAD4FE00E7BFDD /* UserListView.swift */; };
		2D7EDEAD24DAD4FE00E7BFDD /* UserListViewController+TableView.swift in Sources */ = {isa = PBXBuildFile; fileRef = 2D7EDE9F24DAD4FE00E7BFDD /* UserListViewController+TableView.swift */; };
		2D7EDEB124DAD4FE00E7BFDD /* UserListViewController+FetchedResultsController.swift in Sources */ = {isa = PBXBuildFile; fileRef = 2D7EDEA324DAD4FE00E7BFDD /* UserListViewController+FetchedResultsController.swift */; };
		2D7EDEB224DAD4FE00E7BFDD /* UserListViewController.swift in Sources */ = {isa = PBXBuildFile; fileRef = 2D7EDEA424DAD4FE00E7BFDD /* UserListViewController.swift */; };
		2D7EDEB324DAD4FE00E7BFDD /* UserListFooterView.swift in Sources */ = {isa = PBXBuildFile; fileRef = 2D7EDEA524DAD4FE00E7BFDD /* UserListFooterView.swift */; };
		2D7EDEBA24DAD6DC00E7BFDD /* LoadableView.swift in Sources */ = {isa = PBXBuildFile; fileRef = 2D7EDEB824DAD6DC00E7BFDD /* LoadableView.swift */; };
		2D7EDEBB24DAD6DC00E7BFDD /* LoadableViewState.swift in Sources */ = {isa = PBXBuildFile; fileRef = 2D7EDEB924DAD6DC00E7BFDD /* LoadableViewState.swift */; };
		2D7EDEBD24DAD75500E7BFDD /* UserListView.xib in Resources */ = {isa = PBXBuildFile; fileRef = 2D7EDEBC24DAD75500E7BFDD /* UserListView.xib */; };
		2D7EDEBF24DADB1600E7BFDD /* BasicLoadableView.swift in Sources */ = {isa = PBXBuildFile; fileRef = 2D7EDEBE24DADB1600E7BFDD /* BasicLoadableView.swift */; };
		2D7EDEC824DAE0A700E7BFDD /* UIViewController+ModalTransitioning.swift in Sources */ = {isa = PBXBuildFile; fileRef = 2D7EDEC124DAE0A700E7BFDD /* UIViewController+ModalTransitioning.swift */; };
		2D7EDEC924DAE0A700E7BFDD /* UIViewController+InterfaceBuilder.swift in Sources */ = {isa = PBXBuildFile; fileRef = 2D7EDEC224DAE0A700E7BFDD /* UIViewController+InterfaceBuilder.swift */; };
		2D7EDECA24DAE0A700E7BFDD /* UIViewController+Embedding.swift in Sources */ = {isa = PBXBuildFile; fileRef = 2D7EDEC324DAE0A700E7BFDD /* UIViewController+Embedding.swift */; };
		2D7EDECB24DAE0A700E7BFDD /* UIView+InterfaceBuilder.swift in Sources */ = {isa = PBXBuildFile; fileRef = 2D7EDEC524DAE0A700E7BFDD /* UIView+InterfaceBuilder.swift */; };
		2D7EDECC24DAE0A700E7BFDD /* UIView+Embedding.swift in Sources */ = {isa = PBXBuildFile; fileRef = 2D7EDEC624DAE0A700E7BFDD /* UIView+Embedding.swift */; };
		2D7EDECD24DAE0A700E7BFDD /* UIView+TreeTraversal.swift in Sources */ = {isa = PBXBuildFile; fileRef = 2D7EDEC724DAE0A700E7BFDD /* UIView+TreeTraversal.swift */; };
		2D7EDED424DAE99E00E7BFDD /* Reachability.m in Sources */ = {isa = PBXBuildFile; fileRef = 2D7EDED124DAE99D00E7BFDD /* Reachability.m */; };
		2D7EDED624DAEA5B00E7BFDD /* Reachability.swift in Sources */ = {isa = PBXBuildFile; fileRef = 2D7EDED524DAEA5B00E7BFDD /* Reachability.swift */; };
		2D7EDEDA24DAECED00E7BFDD /* Failable.swift in Sources */ = {isa = PBXBuildFile; fileRef = 2D7EDED724DAECEC00E7BFDD /* Failable.swift */; };
		2D7EDEE624DAF62F00E7BFDD /* HTTPService_Users_Fetch.swift in Sources */ = {isa = PBXBuildFile; fileRef = 2D7EDEE524DAF62F00E7BFDD /* HTTPService_Users_Fetch.swift */; };
		2D7EDEE824DB078C00E7BFDD /* Test_HTTPService_Users_Fetch.swift in Sources */ = {isa = PBXBuildFile; fileRef = 2D7EDEE724DB078C00E7BFDD /* Test_HTTPService_Users_Fetch.swift */; };
		2D7EDEEA24DB096000E7BFDD /* UserListItemCell.swift in Sources */ = {isa = PBXBuildFile; fileRef = 2D7EDEE924DB096000E7BFDD /* UserListItemCell.swift */; };
		2D7EDEEC24DB0AFD00E7BFDD /* UserListItemCellDefault.swift in Sources */ = {isa = PBXBuildFile; fileRef = 2D7EDEEB24DB0AFD00E7BFDD /* UserListItemCellDefault.swift */; };
		2D7EDEEF24DB243E00E7BFDD /* AsyncOperation.swift in Sources */ = {isa = PBXBuildFile; fileRef = 2D7EDEED24DB243E00E7BFDD /* AsyncOperation.swift */; };
		2D7EDEF024DB243E00E7BFDD /* Operation.swift in Sources */ = {isa = PBXBuildFile; fileRef = 2D7EDEEE24DB243E00E7BFDD /* Operation.swift */; };
		2D7EDEF224DB246900E7BFDD /* UserListItemCellDefault.xib in Resources */ = {isa = PBXBuildFile; fileRef = 2D7EDEF124DB246900E7BFDD /* UserListItemCellDefault.xib */; };
		2D7EDEF424DB27FF00E7BFDD /* CoreDataService_Users_Save.swift in Sources */ = {isa = PBXBuildFile; fileRef = 2D7EDEF324DB27FF00E7BFDD /* CoreDataService_Users_Save.swift */; };
		2D7EDEF624DB2E0D00E7BFDD /* CombinedService.swift in Sources */ = {isa = PBXBuildFile; fileRef = 2D7EDEF524DB2E0D00E7BFDD /* CombinedService.swift */; };
		2D7EDEF824DB2E3600E7BFDD /* CombinedService_Users_FetchAndSave.swift in Sources */ = {isa = PBXBuildFile; fileRef = 2D7EDEF724DB2E3600E7BFDD /* CombinedService_Users_FetchAndSave.swift */; };
		2D7EDEFA24DB325500E7BFDD /* ModelValidator.swift in Sources */ = {isa = PBXBuildFile; fileRef = 2D7EDEF924DB325500E7BFDD /* ModelValidator.swift */; };
		2D7EDEFC24DB4EA200E7BFDD /* CoreDataService_AllRecords_Purge.swift in Sources */ = {isa = PBXBuildFile; fileRef = 2D7EDEFB24DB4EA200E7BFDD /* CoreDataService_AllRecords_Purge.swift */; };
		2D7EDF0C24DC2AEE00E7BFDD /* ModelPresenter.swift in Sources */ = {isa = PBXBuildFile; fileRef = 2D7EDF0B24DC2AEE00E7BFDD /* ModelPresenter.swift */; };
		2D7EDF0E24DC2C0D00E7BFDD /* UserListItemCellDefault_DefaultPresenter.swift in Sources */ = {isa = PBXBuildFile; fileRef = 2D7EDF0D24DC2C0D00E7BFDD /* UserListItemCellDefault_DefaultPresenter.swift */; };
		2DF7149024E10A4000CB53F1 /* UserProfileViewController.swift in Sources */ = {isa = PBXBuildFile; fileRef = 2DF7148F24E10A4000CB53F1 /* UserProfileViewController.swift */; };
		2DF7149224E10C7F00CB53F1 /* UserProfileView.xib in Resources */ = {isa = PBXBuildFile; fileRef = 2DF7149124E10C7F00CB53F1 /* UserProfileView.xib */; };
		2DF7149424E10CA000CB53F1 /* UserProfileView.swift in Sources */ = {isa = PBXBuildFile; fileRef = 2DF7149324E10CA000CB53F1 /* UserProfileView.swift */; };
		2DF7149624E10DEA00CB53F1 /* UserProfileView_DefaultPresenter.swift in Sources */ = {isa = PBXBuildFile; fileRef = 2DF7149524E10DEA00CB53F1 /* UserProfileView_DefaultPresenter.swift */; };
		2DF7149824E1217000CB53F1 /* CombinedService_UserProfile_FetchAndSave.swift in Sources */ = {isa = PBXBuildFile; fileRef = 2DF7149724E1217000CB53F1 /* CombinedService_UserProfile_FetchAndSave.swift */; };
		2DF7149A24E1241600CB53F1 /* HTTPService_UserProfile_Fetch.swift in Sources */ = {isa = PBXBuildFile; fileRef = 2DF7149924E1241600CB53F1 /* HTTPService_UserProfile_Fetch.swift */; };
		2DF7149C24E1274900CB53F1 /* CoreDataService_UserProfile_Save.swift in Sources */ = {isa = PBXBuildFile; fileRef = 2DF7149B24E1274900CB53F1 /* CoreDataService_UserProfile_Save.swift */; };
		2DF7149E24E1291000CB53F1 /* DateFormatter.swift in Sources */ = {isa = PBXBuildFile; fileRef = 2DF7149D24E1291000CB53F1 /* DateFormatter.swift */; };
		2DF714A024E12CE900CB53F1 /* CoreDataService_UserProfile_Fetch.swift in Sources */ = {isa = PBXBuildFile; fileRef = 2DF7149F24E12CE900CB53F1 /* CoreDataService_UserProfile_Fetch.swift */; };
/* End PBXBuildFile section */

/* Begin PBXContainerItemProxy section */
		2D7EDE5724DA660900E7BFDD /* PBXContainerItemProxy */ = {
			isa = PBXContainerItemProxy;
			containerPortal = 2D7EDE3824DA660700E7BFDD /* Project object */;
			proxyType = 1;
			remoteGlobalIDString = 2D7EDE3F24DA660700E7BFDD;
			remoteInfo = GithubUsers;
		};
/* End PBXContainerItemProxy section */

/* Begin PBXFileReference section */
		2D58187524DE6BB00075B3D8 /* RetryController.swift */ = {isa = PBXFileReference; lastKnownFileType = sourcecode.swift; path = RetryController.swift; sourceTree = "<group>"; };
		2D60689524DD415800768799 /* CombinedService_Image_FetchAndSave.swift */ = {isa = PBXFileReference; lastKnownFileType = sourcecode.swift; path = CombinedService_Image_FetchAndSave.swift; sourceTree = "<group>"; };
		2D60689724DD426500768799 /* CoreDataService_Image_Fetch.swift */ = {isa = PBXFileReference; lastKnownFileType = sourcecode.swift; path = CoreDataService_Image_Fetch.swift; sourceTree = "<group>"; };
		2D60689924DD561C00768799 /* HTTPService_Image_Fetch.swift */ = {isa = PBXFileReference; lastKnownFileType = sourcecode.swift; path = HTTPService_Image_Fetch.swift; sourceTree = "<group>"; };
		2D60689B24DD58C700768799 /* CoreDataService_Image_Save.swift */ = {isa = PBXFileReference; lastKnownFileType = sourcecode.swift; path = CoreDataService_Image_Save.swift; sourceTree = "<group>"; };
		2D60689D24DD6E7500768799 /* Queues.swift */ = {isa = PBXFileReference; lastKnownFileType = sourcecode.swift; path = Queues.swift; sourceTree = "<group>"; };
		2D7EDE4024DA660700E7BFDD /* GithubUsers.app */ = {isa = PBXFileReference; explicitFileType = wrapper.application; includeInIndex = 0; path = GithubUsers.app; sourceTree = BUILT_PRODUCTS_DIR; };
		2D7EDE4324DA660700E7BFDD /* AppDelegate.swift */ = {isa = PBXFileReference; lastKnownFileType = sourcecode.swift; path = AppDelegate.swift; sourceTree = "<group>"; };
		2D7EDE4524DA660700E7BFDD /* SceneDelegate.swift */ = {isa = PBXFileReference; lastKnownFileType = sourcecode.swift; path = SceneDelegate.swift; sourceTree = "<group>"; };
		2D7EDE4A24DA660700E7BFDD /* Base */ = {isa = PBXFileReference; lastKnownFileType = file.storyboard; name = Base; path = Base.lproj/Main.storyboard; sourceTree = "<group>"; };
		2D7EDE4C24DA660900E7BFDD /* Assets.xcassets */ = {isa = PBXFileReference; lastKnownFileType = folder.assetcatalog; path = Assets.xcassets; sourceTree = "<group>"; };
		2D7EDE4F24DA660900E7BFDD /* Base */ = {isa = PBXFileReference; lastKnownFileType = file.storyboard; name = Base; path = Base.lproj/LaunchScreen.storyboard; sourceTree = "<group>"; };
		2D7EDE5124DA660900E7BFDD /* Info.plist */ = {isa = PBXFileReference; lastKnownFileType = text.plist.xml; path = Info.plist; sourceTree = "<group>"; };
		2D7EDE5624DA660900E7BFDD /* GithubUsersTests.xctest */ = {isa = PBXFileReference; explicitFileType = wrapper.cfbundle; includeInIndex = 0; path = GithubUsersTests.xctest; sourceTree = BUILT_PRODUCTS_DIR; };
		2D7EDE5C24DA660900E7BFDD /* Info.plist */ = {isa = PBXFileReference; lastKnownFileType = text.plist.xml; path = Info.plist; sourceTree = "<group>"; };
		2D7EDE6D24DA677F00E7BFDD /* HTTPServiceError.swift */ = {isa = PBXFileReference; lastKnownFileType = sourcecode.swift; path = HTTPServiceError.swift; sourceTree = "<group>"; };
		2D7EDE7124DA69B800E7BFDD /* GithubAPI.swift */ = {isa = PBXFileReference; lastKnownFileType = sourcecode.swift; path = GithubAPI.swift; sourceTree = "<group>"; };
		2D7EDE7324DA6B2000E7BFDD /* RawUserListItem.swift */ = {isa = PBXFileReference; lastKnownFileType = sourcecode.swift; path = RawUserListItem.swift; sourceTree = "<group>"; };
		2D7EDE7524DA6B8100E7BFDD /* HTTPMethod.swift */ = {isa = PBXFileReference; lastKnownFileType = sourcecode.swift; path = HTTPMethod.swift; sourceTree = "<group>"; };
		2D7EDE7724DA731D00E7BFDD /* HTTPService+UserProfile.swift */ = {isa = PBXFileReference; lastKnownFileType = sourcecode.swift; path = "HTTPService+UserProfile.swift"; sourceTree = "<group>"; };
		2D7EDE7924DA735200E7BFDD /* RawUserProfile.swift */ = {isa = PBXFileReference; lastKnownFileType = sourcecode.swift; path = RawUserProfile.swift; sourceTree = "<group>"; };
		2D7EDE8024DA84A900E7BFDD /* CoreDataService.swift */ = {isa = PBXFileReference; lastKnownFileType = sourcecode.swift; path = CoreDataService.swift; sourceTree = "<group>"; };
		2D7EDE8324DA852600E7BFDD /* Model.xcdatamodel */ = {isa = PBXFileReference; lastKnownFileType = wrapper.xcdatamodel; path = Model.xcdatamodel; sourceTree = "<group>"; };
		2D7EDE8724DA86DA00E7BFDD /* CoreDataStack.swift */ = {isa = PBXFileReference; lastKnownFileType = sourcecode.swift; path = CoreDataStack.swift; sourceTree = "<group>"; };
		2D7EDE8924DA8D3500E7BFDD /* CoreDataServiceError.swift */ = {isa = PBXFileReference; lastKnownFileType = sourcecode.swift; path = CoreDataServiceError.swift; sourceTree = "<group>"; };
		2D7EDE8D24DA8E7E00E7BFDD /* UserListItem.swift */ = {isa = PBXFileReference; lastKnownFileType = sourcecode.swift; path = UserListItem.swift; sourceTree = "<group>"; };
		2D7EDE9124DA97B000E7BFDD /* CoreDataService+UserProfile.swift */ = {isa = PBXFileReference; lastKnownFileType = sourcecode.swift; path = "CoreDataService+UserProfile.swift"; sourceTree = "<group>"; };
		2D7EDE9324DA9C8000E7BFDD /* HTTPService.swift */ = {isa = PBXFileReference; lastKnownFileType = sourcecode.swift; path = HTTPService.swift; sourceTree = "<group>"; };
		2D7EDE9B24DAD4FE00E7BFDD /* UserListFooterView.xib */ = {isa = PBXFileReference; fileEncoding = 4; lastKnownFileType = file.xib; path = UserListFooterView.xib; sourceTree = "<group>"; };
		2D7EDE9E24DAD4FE00E7BFDD /* UserListView.swift */ = {isa = PBXFileReference; fileEncoding = 4; lastKnownFileType = sourcecode.swift; path = UserListView.swift; sourceTree = "<group>"; };
		2D7EDE9F24DAD4FE00E7BFDD /* UserListViewController+TableView.swift */ = {isa = PBXFileReference; fileEncoding = 4; lastKnownFileType = sourcecode.swift; path = "UserListViewController+TableView.swift"; sourceTree = "<group>"; };
		2D7EDEA324DAD4FE00E7BFDD /* UserListViewController+FetchedResultsController.swift */ = {isa = PBXFileReference; fileEncoding = 4; lastKnownFileType = sourcecode.swift; path = "UserListViewController+FetchedResultsController.swift"; sourceTree = "<group>"; };
		2D7EDEA424DAD4FE00E7BFDD /* UserListViewController.swift */ = {isa = PBXFileReference; fileEncoding = 4; lastKnownFileType = sourcecode.swift; path = UserListViewController.swift; sourceTree = "<group>"; };
		2D7EDEA524DAD4FE00E7BFDD /* UserListFooterView.swift */ = {isa = PBXFileReference; fileEncoding = 4; lastKnownFileType = sourcecode.swift; path = UserListFooterView.swift; sourceTree = "<group>"; };
		2D7EDEB824DAD6DC00E7BFDD /* LoadableView.swift */ = {isa = PBXFileReference; fileEncoding = 4; lastKnownFileType = sourcecode.swift; path = LoadableView.swift; sourceTree = "<group>"; };
		2D7EDEB924DAD6DC00E7BFDD /* LoadableViewState.swift */ = {isa = PBXFileReference; fileEncoding = 4; lastKnownFileType = sourcecode.swift; path = LoadableViewState.swift; sourceTree = "<group>"; };
		2D7EDEBC24DAD75500E7BFDD /* UserListView.xib */ = {isa = PBXFileReference; lastKnownFileType = file.xib; path = UserListView.xib; sourceTree = "<group>"; };
		2D7EDEBE24DADB1600E7BFDD /* BasicLoadableView.swift */ = {isa = PBXFileReference; fileEncoding = 4; lastKnownFileType = sourcecode.swift; path = BasicLoadableView.swift; sourceTree = "<group>"; };
		2D7EDEC124DAE0A700E7BFDD /* UIViewController+ModalTransitioning.swift */ = {isa = PBXFileReference; fileEncoding = 4; lastKnownFileType = sourcecode.swift; path = "UIViewController+ModalTransitioning.swift"; sourceTree = "<group>"; };
		2D7EDEC224DAE0A700E7BFDD /* UIViewController+InterfaceBuilder.swift */ = {isa = PBXFileReference; fileEncoding = 4; lastKnownFileType = sourcecode.swift; path = "UIViewController+InterfaceBuilder.swift"; sourceTree = "<group>"; };
		2D7EDEC324DAE0A700E7BFDD /* UIViewController+Embedding.swift */ = {isa = PBXFileReference; fileEncoding = 4; lastKnownFileType = sourcecode.swift; path = "UIViewController+Embedding.swift"; sourceTree = "<group>"; };
		2D7EDEC524DAE0A700E7BFDD /* UIView+InterfaceBuilder.swift */ = {isa = PBXFileReference; fileEncoding = 4; lastKnownFileType = sourcecode.swift; path = "UIView+InterfaceBuilder.swift"; sourceTree = "<group>"; };
		2D7EDEC624DAE0A700E7BFDD /* UIView+Embedding.swift */ = {isa = PBXFileReference; fileEncoding = 4; lastKnownFileType = sourcecode.swift; path = "UIView+Embedding.swift"; sourceTree = "<group>"; };
		2D7EDEC724DAE0A700E7BFDD /* UIView+TreeTraversal.swift */ = {isa = PBXFileReference; fileEncoding = 4; lastKnownFileType = sourcecode.swift; path = "UIView+TreeTraversal.swift"; sourceTree = "<group>"; };
		2D7EDED124DAE99D00E7BFDD /* Reachability.m */ = {isa = PBXFileReference; fileEncoding = 4; lastKnownFileType = sourcecode.c.objc; path = Reachability.m; sourceTree = "<group>"; };
		2D7EDED224DAE99D00E7BFDD /* Reachability.h */ = {isa = PBXFileReference; fileEncoding = 4; lastKnownFileType = sourcecode.c.h; path = Reachability.h; sourceTree = "<group>"; };
		2D7EDED324DAE99D00E7BFDD /* GithubUsers-Bridging-Header.h */ = {isa = PBXFileReference; fileEncoding = 4; lastKnownFileType = sourcecode.c.h; path = "GithubUsers-Bridging-Header.h"; sourceTree = "<group>"; };
		2D7EDED524DAEA5B00E7BFDD /* Reachability.swift */ = {isa = PBXFileReference; fileEncoding = 4; lastKnownFileType = sourcecode.swift; path = Reachability.swift; sourceTree = "<group>"; };
		2D7EDED724DAECEC00E7BFDD /* Failable.swift */ = {isa = PBXFileReference; fileEncoding = 4; lastKnownFileType = sourcecode.swift; path = Failable.swift; sourceTree = "<group>"; };
		2D7EDEE524DAF62F00E7BFDD /* HTTPService_Users_Fetch.swift */ = {isa = PBXFileReference; lastKnownFileType = sourcecode.swift; path = HTTPService_Users_Fetch.swift; sourceTree = "<group>"; };
		2D7EDEE724DB078C00E7BFDD /* Test_HTTPService_Users_Fetch.swift */ = {isa = PBXFileReference; lastKnownFileType = sourcecode.swift; path = Test_HTTPService_Users_Fetch.swift; sourceTree = "<group>"; };
		2D7EDEE924DB096000E7BFDD /* UserListItemCell.swift */ = {isa = PBXFileReference; lastKnownFileType = sourcecode.swift; path = UserListItemCell.swift; sourceTree = "<group>"; };
		2D7EDEEB24DB0AFD00E7BFDD /* UserListItemCellDefault.swift */ = {isa = PBXFileReference; lastKnownFileType = sourcecode.swift; path = UserListItemCellDefault.swift; sourceTree = "<group>"; };
		2D7EDEED24DB243E00E7BFDD /* AsyncOperation.swift */ = {isa = PBXFileReference; fileEncoding = 4; lastKnownFileType = sourcecode.swift; path = AsyncOperation.swift; sourceTree = "<group>"; };
		2D7EDEEE24DB243E00E7BFDD /* Operation.swift */ = {isa = PBXFileReference; fileEncoding = 4; lastKnownFileType = sourcecode.swift; path = Operation.swift; sourceTree = "<group>"; };
		2D7EDEF124DB246900E7BFDD /* UserListItemCellDefault.xib */ = {isa = PBXFileReference; lastKnownFileType = file.xib; path = UserListItemCellDefault.xib; sourceTree = "<group>"; };
		2D7EDEF324DB27FF00E7BFDD /* CoreDataService_Users_Save.swift */ = {isa = PBXFileReference; lastKnownFileType = sourcecode.swift; path = CoreDataService_Users_Save.swift; sourceTree = "<group>"; };
		2D7EDEF524DB2E0D00E7BFDD /* CombinedService.swift */ = {isa = PBXFileReference; lastKnownFileType = sourcecode.swift; path = CombinedService.swift; sourceTree = "<group>"; };
		2D7EDEF724DB2E3600E7BFDD /* CombinedService_Users_FetchAndSave.swift */ = {isa = PBXFileReference; lastKnownFileType = sourcecode.swift; path = CombinedService_Users_FetchAndSave.swift; sourceTree = "<group>"; };
		2D7EDEF924DB325500E7BFDD /* ModelValidator.swift */ = {isa = PBXFileReference; lastKnownFileType = sourcecode.swift; path = ModelValidator.swift; sourceTree = "<group>"; };
		2D7EDEFB24DB4EA200E7BFDD /* CoreDataService_AllRecords_Purge.swift */ = {isa = PBXFileReference; lastKnownFileType = sourcecode.swift; path = CoreDataService_AllRecords_Purge.swift; sourceTree = "<group>"; };
		2D7EDF0B24DC2AEE00E7BFDD /* ModelPresenter.swift */ = {isa = PBXFileReference; lastKnownFileType = sourcecode.swift; path = ModelPresenter.swift; sourceTree = "<group>"; };
		2D7EDF0D24DC2C0D00E7BFDD /* UserListItemCellDefault_DefaultPresenter.swift */ = {isa = PBXFileReference; lastKnownFileType = sourcecode.swift; path = UserListItemCellDefault_DefaultPresenter.swift; sourceTree = "<group>"; };
		2DF7148F24E10A4000CB53F1 /* UserProfileViewController.swift */ = {isa = PBXFileReference; lastKnownFileType = sourcecode.swift; path = UserProfileViewController.swift; sourceTree = "<group>"; };
		2DF7149124E10C7F00CB53F1 /* UserProfileView.xib */ = {isa = PBXFileReference; lastKnownFileType = file.xib; path = UserProfileView.xib; sourceTree = "<group>"; };
		2DF7149324E10CA000CB53F1 /* UserProfileView.swift */ = {isa = PBXFileReference; lastKnownFileType = sourcecode.swift; path = UserProfileView.swift; sourceTree = "<group>"; };
		2DF7149524E10DEA00CB53F1 /* UserProfileView_DefaultPresenter.swift */ = {isa = PBXFileReference; lastKnownFileType = sourcecode.swift; path = UserProfileView_DefaultPresenter.swift; sourceTree = "<group>"; };
		2DF7149724E1217000CB53F1 /* CombinedService_UserProfile_FetchAndSave.swift */ = {isa = PBXFileReference; lastKnownFileType = sourcecode.swift; path = CombinedService_UserProfile_FetchAndSave.swift; sourceTree = "<group>"; };
		2DF7149924E1241600CB53F1 /* HTTPService_UserProfile_Fetch.swift */ = {isa = PBXFileReference; lastKnownFileType = sourcecode.swift; path = HTTPService_UserProfile_Fetch.swift; sourceTree = "<group>"; };
		2DF7149B24E1274900CB53F1 /* CoreDataService_UserProfile_Save.swift */ = {isa = PBXFileReference; lastKnownFileType = sourcecode.swift; path = CoreDataService_UserProfile_Save.swift; sourceTree = "<group>"; };
		2DF7149D24E1291000CB53F1 /* DateFormatter.swift */ = {isa = PBXFileReference; lastKnownFileType = sourcecode.swift; path = DateFormatter.swift; sourceTree = "<group>"; };
		2DF7149F24E12CE900CB53F1 /* CoreDataService_UserProfile_Fetch.swift */ = {isa = PBXFileReference; lastKnownFileType = sourcecode.swift; path = CoreDataService_UserProfile_Fetch.swift; sourceTree = "<group>"; };
/* End PBXFileReference section */

/* Begin PBXFrameworksBuildPhase section */
		2D7EDE3D24DA660700E7BFDD /* Frameworks */ = {
			isa = PBXFrameworksBuildPhase;
			buildActionMask = 2147483647;
			files = (
			);
			runOnlyForDeploymentPostprocessing = 0;
		};
		2D7EDE5324DA660900E7BFDD /* Frameworks */ = {
			isa = PBXFrameworksBuildPhase;
			buildActionMask = 2147483647;
			files = (
			);
			runOnlyForDeploymentPostprocessing = 0;
		};
/* End PBXFrameworksBuildPhase section */

/* Begin PBXGroup section */
		2D7EDE3724DA660700E7BFDD = {
			isa = PBXGroup;
			children = (
				2D7EDE4224DA660700E7BFDD /* GithubUsers */,
				2D7EDE5924DA660900E7BFDD /* GithubUsersTests */,
				2D7EDE4124DA660700E7BFDD /* Products */,
			);
			sourceTree = "<group>";
		};
		2D7EDE4124DA660700E7BFDD /* Products */ = {
			isa = PBXGroup;
			children = (
				2D7EDE4024DA660700E7BFDD /* GithubUsers.app */,
				2D7EDE5624DA660900E7BFDD /* GithubUsersTests.xctest */,
			);
			name = Products;
			sourceTree = "<group>";
		};
		2D7EDE4224DA660700E7BFDD /* GithubUsers */ = {
			isa = PBXGroup;
			children = (
				2D7EDE4324DA660700E7BFDD /* AppDelegate.swift */,
				2D7EDE4C24DA660900E7BFDD /* Assets.xcassets */,
				2D7EDE7C24DA75C800E7BFDD /* Core Data */,
				2D7EDF0924DC266900E7BFDD /* Data models */,
				2D7EDED324DAE99D00E7BFDD /* GithubUsers-Bridging-Header.h */,
				2D7EDE5124DA660900E7BFDD /* Info.plist */,
				2D7EDE4E24DA660900E7BFDD /* LaunchScreen.storyboard */,
				2D7EDE4924DA660700E7BFDD /* Main.storyboard */,
				2D7EDE4524DA660700E7BFDD /* SceneDelegate.swift */,
				2D7EDF0524DC209F00E7BFDD /* Screens */,
				2D7EDEFF24DC1FCC00E7BFDD /* Services */,
				2D7EDF0624DC261600E7BFDD /* Utilities */,
			);
			path = GithubUsers;
			sourceTree = "<group>";
		};
		2D7EDE5924DA660900E7BFDD /* GithubUsersTests */ = {
			isa = PBXGroup;
			children = (
				2D7EDE5C24DA660900E7BFDD /* Info.plist */,
				2D7EDEE724DB078C00E7BFDD /* Test_HTTPService_Users_Fetch.swift */,
			);
			path = GithubUsersTests;
			sourceTree = "<group>";
		};
		2D7EDE7B24DA755300E7BFDD /* HTTP Services */ = {
			isa = PBXGroup;
			children = (
				2D7EDE7324DA6B2000E7BFDD /* RawUserListItem.swift */,
				2D7EDE7924DA735200E7BFDD /* RawUserProfile.swift */,
			);
			path = "HTTP Services";
			sourceTree = "<group>";
		};
		2D7EDE7C24DA75C800E7BFDD /* Core Data */ = {
			isa = PBXGroup;
			children = (
				2D7EDE9124DA97B000E7BFDD /* CoreDataService+UserProfile.swift */,
				2D7EDE8724DA86DA00E7BFDD /* CoreDataStack.swift */,
				2D7EDE8224DA852600E7BFDD /* Model.xcdatamodeld */,
			);
			path = "Core Data";
			sourceTree = "<group>";
		};
		2D7EDE9724DAD4FE00E7BFDD /* UserList */ = {
			isa = PBXGroup;
			children = (
				2D7EDEA524DAD4FE00E7BFDD /* UserListFooterView.swift */,
				2D7EDE9B24DAD4FE00E7BFDD /* UserListFooterView.xib */,
				2D7EDEE924DB096000E7BFDD /* UserListItemCell.swift */,
				2D7EDF0D24DC2C0D00E7BFDD /* UserListItemCellDefault_DefaultPresenter.swift */,
				2D7EDEEB24DB0AFD00E7BFDD /* UserListItemCellDefault.swift */,
				2D7EDEF124DB246900E7BFDD /* UserListItemCellDefault.xib */,
				2D7EDE9E24DAD4FE00E7BFDD /* UserListView.swift */,
				2D7EDEBC24DAD75500E7BFDD /* UserListView.xib */,
				2D7EDEA424DAD4FE00E7BFDD /* UserListViewController.swift */,
				2D7EDEA324DAD4FE00E7BFDD /* UserListViewController+FetchedResultsController.swift */,
				2D7EDE9F24DAD4FE00E7BFDD /* UserListViewController+TableView.swift */,
			);
			path = UserList;
			sourceTree = "<group>";
		};
		2D7EDEC024DAE0A700E7BFDD /* UIViewController */ = {
			isa = PBXGroup;
			children = (
				2D7EDEC124DAE0A700E7BFDD /* UIViewController+ModalTransitioning.swift */,
				2D7EDEC224DAE0A700E7BFDD /* UIViewController+InterfaceBuilder.swift */,
				2D7EDEC324DAE0A700E7BFDD /* UIViewController+Embedding.swift */,
			);
			path = UIViewController;
			sourceTree = "<group>";
		};
		2D7EDEC424DAE0A700E7BFDD /* UIView */ = {
			isa = PBXGroup;
			children = (
				2D7EDEC524DAE0A700E7BFDD /* UIView+InterfaceBuilder.swift */,
				2D7EDEC624DAE0A700E7BFDD /* UIView+Embedding.swift */,
				2D7EDEC724DAE0A700E7BFDD /* UIView+TreeTraversal.swift */,
			);
			path = UIView;
			sourceTree = "<group>";
		};
		2D7EDED024DAE99D00E7BFDD /* Reachability */ = {
			isa = PBXGroup;
			children = (
				2D7EDED524DAEA5B00E7BFDD /* Reachability.swift */,
				2D7EDED124DAE99D00E7BFDD /* Reachability.m */,
				2D7EDED224DAE99D00E7BFDD /* Reachability.h */,
			);
			path = Reachability;
			sourceTree = "<group>";
		};
		2D7EDEFF24DC1FCC00E7BFDD /* Services */ = {
			isa = PBXGroup;
			children = (
				2D7EDF0224DC200A00E7BFDD /* Combined */,
				2D7EDF0124DC200400E7BFDD /* Core Data */,
				2D7EDF0024DC1FEE00E7BFDD /* HTTP */,
			);
			path = Services;
			sourceTree = "<group>";
		};
		2D7EDF0024DC1FEE00E7BFDD /* HTTP */ = {
			isa = PBXGroup;
			children = (
				2D7EDE7124DA69B800E7BFDD /* GithubAPI.swift */,
				2D7EDE7524DA6B8100E7BFDD /* HTTPMethod.swift */,
				2D60689924DD561C00768799 /* HTTPService_Image_Fetch.swift */,
				2D7EDEE524DAF62F00E7BFDD /* HTTPService_Users_Fetch.swift */,
				2D7EDE9324DA9C8000E7BFDD /* HTTPService.swift */,
				2D7EDE7724DA731D00E7BFDD /* HTTPService+UserProfile.swift */,
				2D7EDE6D24DA677F00E7BFDD /* HTTPServiceError.swift */,
				2DF7149924E1241600CB53F1 /* HTTPService_UserProfile_Fetch.swift */,
			);
			path = HTTP;
			sourceTree = "<group>";
		};
		2D7EDF0124DC200400E7BFDD /* Core Data */ = {
			isa = PBXGroup;
			children = (
				2D7EDEFB24DB4EA200E7BFDD /* CoreDataService_AllRecords_Purge.swift */,
				2D60689724DD426500768799 /* CoreDataService_Image_Fetch.swift */,
				2D60689B24DD58C700768799 /* CoreDataService_Image_Save.swift */,
				2D7EDEF324DB27FF00E7BFDD /* CoreDataService_Users_Save.swift */,
				2D7EDE8024DA84A900E7BFDD /* CoreDataService.swift */,
				2D7EDE8924DA8D3500E7BFDD /* CoreDataServiceError.swift */,
				2DF7149B24E1274900CB53F1 /* CoreDataService_UserProfile_Save.swift */,
				2DF7149F24E12CE900CB53F1 /* CoreDataService_UserProfile_Fetch.swift */,
			);
			path = "Core Data";
			sourceTree = "<group>";
		};
		2D7EDF0224DC200A00E7BFDD /* Combined */ = {
			isa = PBXGroup;
			children = (
				2D7EDEF524DB2E0D00E7BFDD /* CombinedService.swift */,
				2D7EDEF724DB2E3600E7BFDD /* CombinedService_Users_FetchAndSave.swift */,
				2D60689524DD415800768799 /* CombinedService_Image_FetchAndSave.swift */,
				2DF7149724E1217000CB53F1 /* CombinedService_UserProfile_FetchAndSave.swift */,
			);
			path = Combined;
			sourceTree = "<group>";
		};
		2D7EDF0324DC203000E7BFDD /* Operations */ = {
			isa = PBXGroup;
			children = (
				2D7EDEED24DB243E00E7BFDD /* AsyncOperation.swift */,
				2D7EDEEE24DB243E00E7BFDD /* Operation.swift */,
				2D7EDED724DAECEC00E7BFDD /* Failable.swift */,
			);
			path = Operations;
			sourceTree = "<group>";
		};
		2D7EDF0424DC205F00E7BFDD /* LoadableView */ = {
			isa = PBXGroup;
			children = (
				2D7EDEBE24DADB1600E7BFDD /* BasicLoadableView.swift */,
				2D7EDEB824DAD6DC00E7BFDD /* LoadableView.swift */,
				2D7EDEB924DAD6DC00E7BFDD /* LoadableViewState.swift */,
			);
			path = LoadableView;
			sourceTree = "<group>";
		};
		2D7EDF0524DC209F00E7BFDD /* Screens */ = {
			isa = PBXGroup;
			children = (
				2DF7148E24E109FE00CB53F1 /* UserProfile */,
				2D7EDE9724DAD4FE00E7BFDD /* UserList */,
			);
			path = Screens;
			sourceTree = "<group>";
		};
		2D7EDF0624DC261600E7BFDD /* Utilities */ = {
			isa = PBXGroup;
			children = (
				2DF7149D24E1291000CB53F1 /* DateFormatter.swift */,
				2D7EDF0B24DC2AEE00E7BFDD /* ModelPresenter.swift */,
				2D60689D24DD6E7500768799 /* Queues.swift */,
				2D58187524DE6BB00075B3D8 /* RetryController.swift */,
				2D7EDF0424DC205F00E7BFDD /* LoadableView */,
				2D7EDF0324DC203000E7BFDD /* Operations */,
				2D7EDED024DAE99D00E7BFDD /* Reachability */,
				2D7EDEC424DAE0A700E7BFDD /* UIView */,
				2D7EDEC024DAE0A700E7BFDD /* UIViewController */,
			);
			path = Utilities;
			sourceTree = "<group>";
		};
		2D7EDF0924DC266900E7BFDD /* Data models */ = {
			isa = PBXGroup;
			children = (
				2D7EDF0A24DC268200E7BFDD /* Core Data */,
				2D7EDE7B24DA755300E7BFDD /* HTTP Services */,
				2D7EDEF924DB325500E7BFDD /* ModelValidator.swift */,
			);
			path = "Data models";
			sourceTree = "<group>";
		};
		2D7EDF0A24DC268200E7BFDD /* Core Data */ = {
			isa = PBXGroup;
			children = (
				2D7EDE8D24DA8E7E00E7BFDD /* UserListItem.swift */,
			);
			path = "Core Data";
			sourceTree = "<group>";
		};
		2DF7148E24E109FE00CB53F1 /* UserProfile */ = {
			isa = PBXGroup;
			children = (
				2DF7149524E10DEA00CB53F1 /* UserProfileView_DefaultPresenter.swift */,
				2DF7149324E10CA000CB53F1 /* UserProfileView.swift */,
				2DF7149124E10C7F00CB53F1 /* UserProfileView.xib */,
				2DF7148F24E10A4000CB53F1 /* UserProfileViewController.swift */,
			);
			path = UserProfile;
			sourceTree = "<group>";
		};
/* End PBXGroup section */

/* Begin PBXNativeTarget section */
		2D7EDE3F24DA660700E7BFDD /* GithubUsers */ = {
			isa = PBXNativeTarget;
			buildConfigurationList = 2D7EDE5F24DA660900E7BFDD /* Build configuration list for PBXNativeTarget "GithubUsers" */;
			buildPhases = (
				2D7EDE3C24DA660700E7BFDD /* Sources */,
				2D7EDE3D24DA660700E7BFDD /* Frameworks */,
				2D7EDE3E24DA660700E7BFDD /* Resources */,
			);
			buildRules = (
			);
			dependencies = (
			);
			name = GithubUsers;
			productName = GithubUsers;
			productReference = 2D7EDE4024DA660700E7BFDD /* GithubUsers.app */;
			productType = "com.apple.product-type.application";
		};
		2D7EDE5524DA660900E7BFDD /* GithubUsersTests */ = {
			isa = PBXNativeTarget;
			buildConfigurationList = 2D7EDE6224DA660900E7BFDD /* Build configuration list for PBXNativeTarget "GithubUsersTests" */;
			buildPhases = (
				2D7EDE5224DA660900E7BFDD /* Sources */,
				2D7EDE5324DA660900E7BFDD /* Frameworks */,
				2D7EDE5424DA660900E7BFDD /* Resources */,
			);
			buildRules = (
			);
			dependencies = (
				2D7EDE5824DA660900E7BFDD /* PBXTargetDependency */,
			);
			name = GithubUsersTests;
			productName = GithubUsersTests;
			productReference = 2D7EDE5624DA660900E7BFDD /* GithubUsersTests.xctest */;
			productType = "com.apple.product-type.bundle.unit-test";
		};
/* End PBXNativeTarget section */

/* Begin PBXProject section */
		2D7EDE3824DA660700E7BFDD /* Project object */ = {
			isa = PBXProject;
			attributes = {
				LastSwiftUpdateCheck = 1160;
				LastUpgradeCheck = 1160;
				ORGANIZATIONNAME = "Matthew Quiros";
				TargetAttributes = {
					2D7EDE3F24DA660700E7BFDD = {
						CreatedOnToolsVersion = 11.6;
					};
					2D7EDE5524DA660900E7BFDD = {
						CreatedOnToolsVersion = 11.6;
						LastSwiftMigration = 1160;
						TestTargetID = 2D7EDE3F24DA660700E7BFDD;
					};
				};
			};
			buildConfigurationList = 2D7EDE3B24DA660700E7BFDD /* Build configuration list for PBXProject "GithubUsers" */;
			compatibilityVersion = "Xcode 9.3";
			developmentRegion = en;
			hasScannedForEncodings = 0;
			knownRegions = (
				en,
				Base,
			);
			mainGroup = 2D7EDE3724DA660700E7BFDD;
			productRefGroup = 2D7EDE4124DA660700E7BFDD /* Products */;
			projectDirPath = "";
			projectRoot = "";
			targets = (
				2D7EDE3F24DA660700E7BFDD /* GithubUsers */,
				2D7EDE5524DA660900E7BFDD /* GithubUsersTests */,
			);
		};
/* End PBXProject section */

/* Begin PBXResourcesBuildPhase section */
		2D7EDE3E24DA660700E7BFDD /* Resources */ = {
			isa = PBXResourcesBuildPhase;
			buildActionMask = 2147483647;
			files = (
				2DF7149224E10C7F00CB53F1 /* UserProfileView.xib in Resources */,
				2D7EDE5024DA660900E7BFDD /* LaunchScreen.storyboard in Resources */,
				2D7EDE4D24DA660900E7BFDD /* Assets.xcassets in Resources */,
				2D7EDE4B24DA660700E7BFDD /* Main.storyboard in Resources */,
				2D7EDEF224DB246900E7BFDD /* UserListItemCellDefault.xib in Resources */,
				2D7EDEA924DAD4FE00E7BFDD /* UserListFooterView.xib in Resources */,
				2D7EDEBD24DAD75500E7BFDD /* UserListView.xib in Resources */,
			);
			runOnlyForDeploymentPostprocessing = 0;
		};
		2D7EDE5424DA660900E7BFDD /* Resources */ = {
			isa = PBXResourcesBuildPhase;
			buildActionMask = 2147483647;
			files = (
			);
			runOnlyForDeploymentPostprocessing = 0;
		};
/* End PBXResourcesBuildPhase section */

/* Begin PBXSourcesBuildPhase section */
		2D7EDE3C24DA660700E7BFDD /* Sources */ = {
			isa = PBXSourcesBuildPhase;
			buildActionMask = 2147483647;
			files = (
				2D7EDE8A24DA8D3500E7BFDD /* CoreDataServiceError.swift in Sources */,
				2DF7149824E1217000CB53F1 /* CombinedService_UserProfile_FetchAndSave.swift in Sources */,
				2D7EDF0E24DC2C0D00E7BFDD /* UserListItemCellDefault_DefaultPresenter.swift in Sources */,
				2D7EDEAD24DAD4FE00E7BFDD /* UserListViewController+TableView.swift in Sources */,
				2D7EDEDA24DAECED00E7BFDD /* Failable.swift in Sources */,
				2D7EDEEF24DB243E00E7BFDD /* AsyncOperation.swift in Sources */,
				2D7EDEC824DAE0A700E7BFDD /* UIViewController+ModalTransitioning.swift in Sources */,
				2D7EDEB224DAD4FE00E7BFDD /* UserListViewController.swift in Sources */,
				2D7EDECC24DAE0A700E7BFDD /* UIView+Embedding.swift in Sources */,
				2D7EDEEA24DB096000E7BFDD /* UserListItemCell.swift in Sources */,
				2D7EDE7824DA731D00E7BFDD /* HTTPService+UserProfile.swift in Sources */,
				2D7EDEF824DB2E3600E7BFDD /* CombinedService_Users_FetchAndSave.swift in Sources */,
				2D7EDE4424DA660700E7BFDD /* AppDelegate.swift in Sources */,
				2D7EDEB124DAD4FE00E7BFDD /* UserListViewController+FetchedResultsController.swift in Sources */,
				2D7EDEBA24DAD6DC00E7BFDD /* LoadableView.swift in Sources */,
				2D7EDE8124DA84A900E7BFDD /* CoreDataService.swift in Sources */,
				2D7EDE9424DA9C8000E7BFDD /* HTTPService.swift in Sources */,
				2D7EDE6E24DA677F00E7BFDD /* HTTPServiceError.swift in Sources */,
				2DF7149C24E1274900CB53F1 /* CoreDataService_UserProfile_Save.swift in Sources */,
				2D7EDED624DAEA5B00E7BFDD /* Reachability.swift in Sources */,
				2D60689A24DD561C00768799 /* HTTPService_Image_Fetch.swift in Sources */,
				2D7EDEFC24DB4EA200E7BFDD /* CoreDataService_AllRecords_Purge.swift in Sources */,
				2D7EDEF424DB27FF00E7BFDD /* CoreDataService_Users_Save.swift in Sources */,
				2D7EDEF624DB2E0D00E7BFDD /* CombinedService.swift in Sources */,
				2DF7149E24E1291000CB53F1 /* DateFormatter.swift in Sources */,
				2DF7149024E10A4000CB53F1 /* UserProfileViewController.swift in Sources */,
				2D7EDEBF24DADB1600E7BFDD /* BasicLoadableView.swift in Sources */,
				2D7EDE7424DA6B2000E7BFDD /* RawUserListItem.swift in Sources */,
				2D7EDF0C24DC2AEE00E7BFDD /* ModelPresenter.swift in Sources */,
				2D7EDE8824DA86DA00E7BFDD /* CoreDataStack.swift in Sources */,
				2D60689E24DD6E7500768799 /* Queues.swift in Sources */,
				2D7EDE7624DA6B8100E7BFDD /* HTTPMethod.swift in Sources */,
				2DF714A024E12CE900CB53F1 /* CoreDataService_UserProfile_Fetch.swift in Sources */,
				2D7EDE8E24DA8E7E00E7BFDD /* UserListItem.swift in Sources */,
				2D7EDEC924DAE0A700E7BFDD /* UIViewController+InterfaceBuilder.swift in Sources */,
				2DF7149424E10CA000CB53F1 /* UserProfileView.swift in Sources */,
				2D60689824DD426500768799 /* CoreDataService_Image_Fetch.swift in Sources */,
				2D7EDECB24DAE0A700E7BFDD /* UIView+InterfaceBuilder.swift in Sources */,
				2DF7149A24E1241600CB53F1 /* HTTPService_UserProfile_Fetch.swift in Sources */,
				2D7EDEFA24DB325500E7BFDD /* ModelValidator.swift in Sources */,
				2D7EDECA24DAE0A700E7BFDD /* UIViewController+Embedding.swift in Sources */,
				2D7EDECD24DAE0A700E7BFDD /* UIView+TreeTraversal.swift in Sources */,
				2D7EDED424DAE99E00E7BFDD /* Reachability.m in Sources */,
				2D7EDE9224DA97B000E7BFDD /* CoreDataService+UserProfile.swift in Sources */,
				2D58187624DE6BB00075B3D8 /* RetryController.swift in Sources */,
				2D7EDEF024DB243E00E7BFDD /* Operation.swift in Sources */,
				2D7EDE7224DA69B800E7BFDD /* GithubAPI.swift in Sources */,
				2D7EDEB324DAD4FE00E7BFDD /* UserListFooterView.swift in Sources */,
				2D7EDE7A24DA735200E7BFDD /* RawUserProfile.swift in Sources */,
				2D7EDEE624DAF62F00E7BFDD /* HTTPService_Users_Fetch.swift in Sources */,
				2D7EDEAC24DAD4FE00E7BFDD /* UserListView.swift in Sources */,
				2D7EDEEC24DB0AFD00E7BFDD /* UserListItemCellDefault.swift in Sources */,
				2DF7149624E10DEA00CB53F1 /* UserProfileView_DefaultPresenter.swift in Sources */,
				2D7EDE8424DA852600E7BFDD /* Model.xcdatamodeld in Sources */,
				2D7EDE4624DA660700E7BFDD /* SceneDelegate.swift in Sources */,
				2D60689624DD415800768799 /* CombinedService_Image_FetchAndSave.swift in Sources */,
				2D60689C24DD58C700768799 /* CoreDataService_Image_Save.swift in Sources */,
				2D7EDEBB24DAD6DC00E7BFDD /* LoadableViewState.swift in Sources */,
			);
			runOnlyForDeploymentPostprocessing = 0;
		};
		2D7EDE5224DA660900E7BFDD /* Sources */ = {
			isa = PBXSourcesBuildPhase;
			buildActionMask = 2147483647;
			files = (
				2D7EDEE824DB078C00E7BFDD /* Test_HTTPService_Users_Fetch.swift in Sources */,
			);
			runOnlyForDeploymentPostprocessing = 0;
		};
/* End PBXSourcesBuildPhase section */

/* Begin PBXTargetDependency section */
		2D7EDE5824DA660900E7BFDD /* PBXTargetDependency */ = {
			isa = PBXTargetDependency;
			target = 2D7EDE3F24DA660700E7BFDD /* GithubUsers */;
			targetProxy = 2D7EDE5724DA660900E7BFDD /* PBXContainerItemProxy */;
		};
/* End PBXTargetDependency section */

/* Begin PBXVariantGroup section */
		2D7EDE4924DA660700E7BFDD /* Main.storyboard */ = {
			isa = PBXVariantGroup;
			children = (
				2D7EDE4A24DA660700E7BFDD /* Base */,
			);
			name = Main.storyboard;
			sourceTree = "<group>";
		};
		2D7EDE4E24DA660900E7BFDD /* LaunchScreen.storyboard */ = {
			isa = PBXVariantGroup;
			children = (
				2D7EDE4F24DA660900E7BFDD /* Base */,
			);
			name = LaunchScreen.storyboard;
			sourceTree = "<group>";
		};
/* End PBXVariantGroup section */

/* Begin XCBuildConfiguration section */
		2D7EDE5D24DA660900E7BFDD /* Debug */ = {
			isa = XCBuildConfiguration;
			buildSettings = {
				ALWAYS_SEARCH_USER_PATHS = NO;
				CLANG_ANALYZER_NONNULL = YES;
				CLANG_ANALYZER_NUMBER_OBJECT_CONVERSION = YES_AGGRESSIVE;
				CLANG_CXX_LANGUAGE_STANDARD = "gnu++14";
				CLANG_CXX_LIBRARY = "libc++";
				CLANG_ENABLE_MODULES = YES;
				CLANG_ENABLE_OBJC_ARC = YES;
				CLANG_ENABLE_OBJC_WEAK = YES;
				CLANG_WARN_BLOCK_CAPTURE_AUTORELEASING = YES;
				CLANG_WARN_BOOL_CONVERSION = YES;
				CLANG_WARN_COMMA = YES;
				CLANG_WARN_CONSTANT_CONVERSION = YES;
				CLANG_WARN_DEPRECATED_OBJC_IMPLEMENTATIONS = YES;
				CLANG_WARN_DIRECT_OBJC_ISA_USAGE = YES_ERROR;
				CLANG_WARN_DOCUMENTATION_COMMENTS = YES;
				CLANG_WARN_EMPTY_BODY = YES;
				CLANG_WARN_ENUM_CONVERSION = YES;
				CLANG_WARN_INFINITE_RECURSION = YES;
				CLANG_WARN_INT_CONVERSION = YES;
				CLANG_WARN_NON_LITERAL_NULL_CONVERSION = YES;
				CLANG_WARN_OBJC_IMPLICIT_RETAIN_SELF = YES;
				CLANG_WARN_OBJC_LITERAL_CONVERSION = YES;
				CLANG_WARN_OBJC_ROOT_CLASS = YES_ERROR;
				CLANG_WARN_RANGE_LOOP_ANALYSIS = YES;
				CLANG_WARN_STRICT_PROTOTYPES = YES;
				CLANG_WARN_SUSPICIOUS_MOVE = YES;
				CLANG_WARN_UNGUARDED_AVAILABILITY = YES_AGGRESSIVE;
				CLANG_WARN_UNREACHABLE_CODE = YES;
				CLANG_WARN__DUPLICATE_METHOD_MATCH = YES;
				COPY_PHASE_STRIP = NO;
				DEBUG_INFORMATION_FORMAT = dwarf;
				ENABLE_STRICT_OBJC_MSGSEND = YES;
				ENABLE_TESTABILITY = YES;
				GCC_C_LANGUAGE_STANDARD = gnu11;
				GCC_DYNAMIC_NO_PIC = NO;
				GCC_NO_COMMON_BLOCKS = YES;
				GCC_OPTIMIZATION_LEVEL = 0;
				GCC_PREPROCESSOR_DEFINITIONS = (
					"DEBUG=1",
					"$(inherited)",
				);
				GCC_WARN_64_TO_32_BIT_CONVERSION = YES;
				GCC_WARN_ABOUT_RETURN_TYPE = YES_ERROR;
				GCC_WARN_UNDECLARED_SELECTOR = YES;
				GCC_WARN_UNINITIALIZED_AUTOS = YES_AGGRESSIVE;
				GCC_WARN_UNUSED_FUNCTION = YES;
				GCC_WARN_UNUSED_VARIABLE = YES;
				IPHONEOS_DEPLOYMENT_TARGET = 13.0;
				MTL_ENABLE_DEBUG_INFO = INCLUDE_SOURCE;
				MTL_FAST_MATH = YES;
				ONLY_ACTIVE_ARCH = YES;
				SDKROOT = iphoneos;
				SWIFT_ACTIVE_COMPILATION_CONDITIONS = DEBUG;
				SWIFT_OBJC_BRIDGING_HEADER = "GithubUsers/GithubUsers-Bridging-Header.h";
				SWIFT_OPTIMIZATION_LEVEL = "-Onone";
			};
			name = Debug;
		};
		2D7EDE5E24DA660900E7BFDD /* Release */ = {
			isa = XCBuildConfiguration;
			buildSettings = {
				ALWAYS_SEARCH_USER_PATHS = NO;
				CLANG_ANALYZER_NONNULL = YES;
				CLANG_ANALYZER_NUMBER_OBJECT_CONVERSION = YES_AGGRESSIVE;
				CLANG_CXX_LANGUAGE_STANDARD = "gnu++14";
				CLANG_CXX_LIBRARY = "libc++";
				CLANG_ENABLE_MODULES = YES;
				CLANG_ENABLE_OBJC_ARC = YES;
				CLANG_ENABLE_OBJC_WEAK = YES;
				CLANG_WARN_BLOCK_CAPTURE_AUTORELEASING = YES;
				CLANG_WARN_BOOL_CONVERSION = YES;
				CLANG_WARN_COMMA = YES;
				CLANG_WARN_CONSTANT_CONVERSION = YES;
				CLANG_WARN_DEPRECATED_OBJC_IMPLEMENTATIONS = YES;
				CLANG_WARN_DIRECT_OBJC_ISA_USAGE = YES_ERROR;
				CLANG_WARN_DOCUMENTATION_COMMENTS = YES;
				CLANG_WARN_EMPTY_BODY = YES;
				CLANG_WARN_ENUM_CONVERSION = YES;
				CLANG_WARN_INFINITE_RECURSION = YES;
				CLANG_WARN_INT_CONVERSION = YES;
				CLANG_WARN_NON_LITERAL_NULL_CONVERSION = YES;
				CLANG_WARN_OBJC_IMPLICIT_RETAIN_SELF = YES;
				CLANG_WARN_OBJC_LITERAL_CONVERSION = YES;
				CLANG_WARN_OBJC_ROOT_CLASS = YES_ERROR;
				CLANG_WARN_RANGE_LOOP_ANALYSIS = YES;
				CLANG_WARN_STRICT_PROTOTYPES = YES;
				CLANG_WARN_SUSPICIOUS_MOVE = YES;
				CLANG_WARN_UNGUARDED_AVAILABILITY = YES_AGGRESSIVE;
				CLANG_WARN_UNREACHABLE_CODE = YES;
				CLANG_WARN__DUPLICATE_METHOD_MATCH = YES;
				COPY_PHASE_STRIP = NO;
				DEBUG_INFORMATION_FORMAT = "dwarf-with-dsym";
				ENABLE_NS_ASSERTIONS = NO;
				ENABLE_STRICT_OBJC_MSGSEND = YES;
				GCC_C_LANGUAGE_STANDARD = gnu11;
				GCC_NO_COMMON_BLOCKS = YES;
				GCC_WARN_64_TO_32_BIT_CONVERSION = YES;
				GCC_WARN_ABOUT_RETURN_TYPE = YES_ERROR;
				GCC_WARN_UNDECLARED_SELECTOR = YES;
				GCC_WARN_UNINITIALIZED_AUTOS = YES_AGGRESSIVE;
				GCC_WARN_UNUSED_FUNCTION = YES;
				GCC_WARN_UNUSED_VARIABLE = YES;
				IPHONEOS_DEPLOYMENT_TARGET = 13.0;
				MTL_ENABLE_DEBUG_INFO = NO;
				MTL_FAST_MATH = YES;
				SDKROOT = iphoneos;
				SWIFT_COMPILATION_MODE = wholemodule;
				SWIFT_OBJC_BRIDGING_HEADER = "GithubUsers/GithubUsers-Bridging-Header.h";
				SWIFT_OPTIMIZATION_LEVEL = "-O";
				VALIDATE_PRODUCT = YES;
			};
			name = Release;
		};
		2D7EDE6024DA660900E7BFDD /* Debug */ = {
			isa = XCBuildConfiguration;
			buildSettings = {
				ASSETCATALOG_COMPILER_APPICON_NAME = AppIcon;
				CODE_SIGN_STYLE = Automatic;
				DEVELOPMENT_TEAM = MEWJ9DWAEU;
				INFOPLIST_FILE = GithubUsers/Info.plist;
				LD_RUNPATH_SEARCH_PATHS = (
					"$(inherited)",
					"@executable_path/Frameworks",
				);
				PRODUCT_BUNDLE_IDENTIFIER = app.mqrs.GithubUsers;
				PRODUCT_NAME = "$(TARGET_NAME)";
				SWIFT_VERSION = 5.0;
				TARGETED_DEVICE_FAMILY = "1,2";
			};
			name = Debug;
		};
		2D7EDE6124DA660900E7BFDD /* Release */ = {
			isa = XCBuildConfiguration;
			buildSettings = {
				ASSETCATALOG_COMPILER_APPICON_NAME = AppIcon;
				CODE_SIGN_STYLE = Automatic;
				DEVELOPMENT_TEAM = MEWJ9DWAEU;
				INFOPLIST_FILE = GithubUsers/Info.plist;
				LD_RUNPATH_SEARCH_PATHS = (
					"$(inherited)",
					"@executable_path/Frameworks",
				);
				PRODUCT_BUNDLE_IDENTIFIER = app.mqrs.GithubUsers;
				PRODUCT_NAME = "$(TARGET_NAME)";
				SWIFT_VERSION = 5.0;
				TARGETED_DEVICE_FAMILY = "1,2";
			};
			name = Release;
		};
		2D7EDE6324DA660900E7BFDD /* Debug */ = {
			isa = XCBuildConfiguration;
			buildSettings = {
				ALWAYS_EMBED_SWIFT_STANDARD_LIBRARIES = YES;
				BUNDLE_LOADER = "$(TEST_HOST)";
				CLANG_ENABLE_MODULES = YES;
				CODE_SIGN_STYLE = Automatic;
				DEVELOPMENT_TEAM = MEWJ9DWAEU;
				INFOPLIST_FILE = GithubUsersTests/Info.plist;
				IPHONEOS_DEPLOYMENT_TARGET = 13.6;
				LD_RUNPATH_SEARCH_PATHS = (
					"$(inherited)",
					"@executable_path/Frameworks",
					"@loader_path/Frameworks",
				);
				PRODUCT_BUNDLE_IDENTIFIER = app.mqrs.GithubUsersTests;
				PRODUCT_NAME = "$(TARGET_NAME)";
				SWIFT_OBJC_BRIDGING_HEADER = "GithubUsers/GithubUsers-Bridging-Header.h";
				SWIFT_OPTIMIZATION_LEVEL = "-Onone";
				SWIFT_VERSION = 5.0;
				TARGETED_DEVICE_FAMILY = "1,2";
				TEST_HOST = "$(BUILT_PRODUCTS_DIR)/GithubUsers.app/GithubUsers";
			};
			name = Debug;
		};
		2D7EDE6424DA660900E7BFDD /* Release */ = {
			isa = XCBuildConfiguration;
			buildSettings = {
				ALWAYS_EMBED_SWIFT_STANDARD_LIBRARIES = YES;
				BUNDLE_LOADER = "$(TEST_HOST)";
				CLANG_ENABLE_MODULES = YES;
				CODE_SIGN_STYLE = Automatic;
				DEVELOPMENT_TEAM = MEWJ9DWAEU;
				INFOPLIST_FILE = GithubUsersTests/Info.plist;
				IPHONEOS_DEPLOYMENT_TARGET = 13.6;
				LD_RUNPATH_SEARCH_PATHS = (
					"$(inherited)",
					"@executable_path/Frameworks",
					"@loader_path/Frameworks",
				);
				PRODUCT_BUNDLE_IDENTIFIER = app.mqrs.GithubUsersTests;
				PRODUCT_NAME = "$(TARGET_NAME)";
				SWIFT_OBJC_BRIDGING_HEADER = "GithubUsers/GithubUsers-Bridging-Header.h";
				SWIFT_VERSION = 5.0;
				TARGETED_DEVICE_FAMILY = "1,2";
				TEST_HOST = "$(BUILT_PRODUCTS_DIR)/GithubUsers.app/GithubUsers";
			};
			name = Release;
		};
/* End XCBuildConfiguration section */

/* Begin XCConfigurationList section */
		2D7EDE3B24DA660700E7BFDD /* Build configuration list for PBXProject "GithubUsers" */ = {
			isa = XCConfigurationList;
			buildConfigurations = (
				2D7EDE5D24DA660900E7BFDD /* Debug */,
				2D7EDE5E24DA660900E7BFDD /* Release */,
			);
			defaultConfigurationIsVisible = 0;
			defaultConfigurationName = Release;
		};
		2D7EDE5F24DA660900E7BFDD /* Build configuration list for PBXNativeTarget "GithubUsers" */ = {
			isa = XCConfigurationList;
			buildConfigurations = (
				2D7EDE6024DA660900E7BFDD /* Debug */,
				2D7EDE6124DA660900E7BFDD /* Release */,
			);
			defaultConfigurationIsVisible = 0;
			defaultConfigurationName = Release;
		};
		2D7EDE6224DA660900E7BFDD /* Build configuration list for PBXNativeTarget "GithubUsersTests" */ = {
			isa = XCConfigurationList;
			buildConfigurations = (
				2D7EDE6324DA660900E7BFDD /* Debug */,
				2D7EDE6424DA660900E7BFDD /* Release */,
			);
			defaultConfigurationIsVisible = 0;
			defaultConfigurationName = Release;
		};
/* End XCConfigurationList section */

/* Begin XCVersionGroup section */
		2D7EDE8224DA852600E7BFDD /* Model.xcdatamodeld */ = {
			isa = XCVersionGroup;
			children = (
				2D7EDE8324DA852600E7BFDD /* Model.xcdatamodel */,
			);
			currentVersion = 2D7EDE8324DA852600E7BFDD /* Model.xcdatamodel */;
			path = Model.xcdatamodeld;
			sourceTree = "<group>";
			versionGroupType = wrapper.xcdatamodel;
		};
/* End XCVersionGroup section */
	};
	rootObject = 2D7EDE3824DA660700E7BFDD /* Project object */;
}
